{
  "name": "metadatafetch",
  "lockfileVersion": 2,
  "requires": true,
  "packages": {
    "": {
      "dependencies": {
        "@rdfjs/data-model": "^2.0.1",
        "@rdfjs/types": "^1.1.0",
        "parse-link-header": "^2.0.0",
        "rdf-serialize": "^2.0.1",
        "stream-to-string": "^1.2.0",
        "streamify-array": "^1.0.1"
      },
      "devDependencies": {
        "@types/parse-link-header": "^2.0.0"
      }
    },
    "node_modules/@comunica/actor-abstract-mediatyped": {
      "version": "2.5.1",
      "resolved": "https://registry.npmjs.org/@comunica/actor-abstract-mediatyped/-/actor-abstract-mediatyped-2.5.1.tgz",
      "integrity": "sha512-Iz8j1XqXp/A7HJVDTtEtp7hV6nuNoIjjEUgiJUiBTM5OIx7sFbGfUd10VtHPSXB/3lHHcIo34BKNZkeurNo6BA==",
      "dependencies": {
        "@comunica/core": "^2.5.1",
        "@comunica/types": "^2.5.1"
      }
    },
    "node_modules/@comunica/actor-rdf-serialize-jsonld": {
      "version": "2.5.1",
      "resolved": "https://registry.npmjs.org/@comunica/actor-rdf-serialize-jsonld/-/actor-rdf-serialize-jsonld-2.5.1.tgz",
      "integrity": "sha512-QYyruMJBKYeIeTENMsBfCq3/fRUTlmMtOchRn0Hf8vWp+ZO5sx7EksvwA3hEJ0yzbHaNSOoi53I5CcJYNMG2yA==",
      "dependencies": {
        "@comunica/bus-rdf-serialize": "^2.5.1",
        "@comunica/types": "^2.5.1",
        "jsonld-streaming-serializer": "^2.0.1"
      }
    },
    "node_modules/@comunica/actor-rdf-serialize-n3": {
      "version": "2.5.1",
      "resolved": "https://registry.npmjs.org/@comunica/actor-rdf-serialize-n3/-/actor-rdf-serialize-n3-2.5.1.tgz",
      "integrity": "sha512-llK3kiNtqrEBTL5z8GIDM/SjT9nv41Pugm+H/j+hTjNIVfSCHpaobUuQdft7TDVYeXu6/U18lXcz8n1bAspKfA==",
      "dependencies": {
        "@comunica/bus-rdf-serialize": "^2.5.1",
        "@comunica/types": "^2.5.1",
        "n3": "^1.16.3"
      }
    },
    "node_modules/@comunica/bus-init": {
      "version": "2.5.1",
      "resolved": "https://registry.npmjs.org/@comunica/bus-init/-/bus-init-2.5.1.tgz",
      "integrity": "sha512-TDakSkGzM+3xkZ+xBCBmzWNagmDWUc+F6TPYOFO8goaT1+tVrPh9wPD5t2n1zkKMzG2dOVT4O8jxUfCyzmNwKA==",
      "dependencies": {
        "@comunica/core": "^2.5.1",
        "readable-stream": "^4.2.0"
      }
    },
    "node_modules/@comunica/bus-rdf-serialize": {
      "version": "2.5.1",
      "resolved": "https://registry.npmjs.org/@comunica/bus-rdf-serialize/-/bus-rdf-serialize-2.5.1.tgz",
      "integrity": "sha512-GMg3dkWrFSYzxsp8hDNSgpWKyInDQ78lmy9TqVUo+EIgvIDhMXZJqsJmQNf/frcMYlPqdr1CwGnRxp+Jf7li+g==",
      "dependencies": {
        "@comunica/actor-abstract-mediatyped": "^2.5.1",
        "@comunica/core": "^2.5.1",
        "@rdfjs/types": "*"
      }
    },
    "node_modules/@comunica/config-query-sparql": {
      "version": "2.5.1",
      "resolved": "https://registry.npmjs.org/@comunica/config-query-sparql/-/config-query-sparql-2.5.1.tgz",
      "integrity": "sha512-Fg/PDp0BwoFcCBeVTPTDR8pgXjuuMXTLi3SJFT0GdgtwSPHlAikMHGywyOMK9I1TlZ2Fwwl/oIhZVNFY3Uz7YA=="
    },
    "node_modules/@comunica/core": {
      "version": "2.5.1",
      "resolved": "https://registry.npmjs.org/@comunica/core/-/core-2.5.1.tgz",
      "integrity": "sha512-dTenKE5bYswM/jBp0vtrrs2FuFUUYnVnWAa5b8vzxPiZQ+JA8RsXafLJq7Gk09FYr+739DDMoEwFL2dwUE5yDA==",
      "dependencies": {
        "@comunica/types": "^2.5.1",
        "immutable": "^4.1.0"
      },
      "engines": {
        "node": ">=14.0"
      }
    },
    "node_modules/@comunica/mediator-combine-pipeline": {
      "version": "2.5.1",
      "resolved": "https://registry.npmjs.org/@comunica/mediator-combine-pipeline/-/mediator-combine-pipeline-2.5.1.tgz",
      "integrity": "sha512-vsi6YA7NGPQoNSPtKHWUbsDK+678w0BdE9DEzLWOa2pqiWoeT4SuJV4szHQNVuJjzi6j6VTXuR58mZL7XqreTw==",
      "dependencies": {
        "@comunica/core": "^2.5.1",
        "@comunica/types": "^2.5.1"
      }
    },
    "node_modules/@comunica/mediator-combine-union": {
      "version": "2.5.1",
      "resolved": "https://registry.npmjs.org/@comunica/mediator-combine-union/-/mediator-combine-union-2.5.1.tgz",
      "integrity": "sha512-vpbQn3xtoX+F00xv+AKbn+qUe66rIiycbiZoE/s/qtlmUbVKLItEMMuToDGRdcdC9mtPiieIrgremXd/RVdHTw==",
      "dependencies": {
        "@comunica/core": "^2.5.1"
      }
    },
    "node_modules/@comunica/mediator-race": {
      "version": "2.5.1",
      "resolved": "https://registry.npmjs.org/@comunica/mediator-race/-/mediator-race-2.5.1.tgz",
      "integrity": "sha512-VuHHZSDagK9k85NBTEvbbhkb/Xd9zgt9jBlYIVRarushJ8ihqfs8dXQ2Hs0gdOTyrCMFiQIimbN1h58QcmmKyg==",
      "dependencies": {
        "@comunica/core": "^2.5.1"
      }
    },
    "node_modules/@comunica/types": {
      "version": "2.5.1",
      "resolved": "https://registry.npmjs.org/@comunica/types/-/types-2.5.1.tgz",
      "integrity": "sha512-bo/C3s1eH1yrfdSB5tVYPTRgeI2kB7J2fQuAjCWndyk/RVYHew3ztIqOa7wlhgZ7aVw+X+TTCLRjNve2l1TMhg==",
      "dependencies": {
        "@rdfjs/types": "*",
        "@types/yargs": "^17.0.13",
        "asynciterator": "^3.8.0",
        "sparqlalgebrajs": "^4.0.5"
      }
    },
    "node_modules/@rdfjs/data-model": {
      "version": "2.0.1",
      "resolved": "https://registry.npmjs.org/@rdfjs/data-model/-/data-model-2.0.1.tgz",
      "integrity": "sha512-oRDYpy7/fJ9NNjS+M7m+dbnhi4lOWYGbBiM/A+u9bBExnN6ifXUF5mUsFxwZaQulmwTDaMhKERdV6iKTBUMgtw==",
      "bin": {
        "rdfjs-data-model-test": "bin/test.js"
      }
    },
    "node_modules/@rdfjs/types": {
      "version": "1.1.0",
      "resolved": "https://registry.npmjs.org/@rdfjs/types/-/types-1.1.0.tgz",
      "integrity": "sha512-5zm8bN2/CC634dTcn/0AhTRLaQRjXDZs3QfcAsQKNturHT7XVWcKy/8p3P5gXl+YkZTAmy7T5M/LyiT/jbkENw==",
      "dependencies": {
        "@types/node": "*"
      }
    },
    "node_modules/@types/http-link-header": {
      "version": "1.0.3",
      "resolved": "https://registry.npmjs.org/@types/http-link-header/-/http-link-header-1.0.3.tgz",
      "integrity": "sha512-y8HkoD/vyid+5MrJ3aas0FvU3/BVBGcyG9kgxL0Zn4JwstA8CglFPnrR0RuzOjRCXwqzL5uxWC2IO7Ub0rMU2A==",
      "dependencies": {
        "@types/node": "*"
      }
    },
    "node_modules/@types/node": {
      "version": "18.11.18",
      "resolved": "https://registry.npmjs.org/@types/node/-/node-18.11.18.tgz",
      "integrity": "sha512-DHQpWGjyQKSHj3ebjFI/wRKcqQcdR+MoFBygntYOZytCqNfkd2ZC4ARDJ2DQqhjH5p85Nnd3jhUJIXrszFX/JA=="
    },
    "node_modules/@types/parse-link-header": {
      "version": "2.0.0",
      "resolved": "https://registry.npmjs.org/@types/parse-link-header/-/parse-link-header-2.0.0.tgz",
      "integrity": "sha512-KbqcQLdRaawDOfXnwqr6nvhe1MV+Uv/Ww+ViSx7Ujgw9X5qCgObLP52B1ZSJqZD8FK1y/4o+bJQTUrZOynegcg==",
      "dev": true
    },
    "node_modules/@types/readable-stream": {
      "version": "2.3.15",
      "resolved": "https://registry.npmjs.org/@types/readable-stream/-/readable-stream-2.3.15.tgz",
      "integrity": "sha512-oM5JSKQCcICF1wvGgmecmHldZ48OZamtMxcGGVICOJA8o8cahXC1zEVAif8iwoc5j8etxFaRFnf095+CDsuoFQ==",
      "dependencies": {
        "@types/node": "*",
        "safe-buffer": "~5.1.1"
      }
    },
    "node_modules/@types/sparqljs": {
      "version": "3.1.3",
      "resolved": "https://registry.npmjs.org/@types/sparqljs/-/sparqljs-3.1.3.tgz",
      "integrity": "sha512-nmFgmR6ns4i8sg9fYu+293H+PMLKmDOZy34sgwgAeUEEiIqSs4guj5aCZRt3gq1g0yuKXkqrxLDq/684g7pGtQ==",
      "dependencies": {
        "rdf-js": "^4.0.2"
      }
    },
    "node_modules/@types/yargs": {
      "version": "17.0.19",
      "resolved": "https://registry.npmjs.org/@types/yargs/-/yargs-17.0.19.tgz",
      "integrity": "sha512-cAx3qamwaYX9R0fzOIZAlFpo4A+1uBVCxqpKz9D26uTF4srRXaGTTsikQmaotCtNdbhzyUH7ft6p9ktz9s6UNQ==",
      "dependencies": {
        "@types/yargs-parser": "*"
      }
    },
    "node_modules/@types/yargs-parser": {
      "version": "21.0.0",
      "resolved": "https://registry.npmjs.org/@types/yargs-parser/-/yargs-parser-21.0.0.tgz",
      "integrity": "sha512-iO9ZQHkZxHn4mSakYV0vFHAVDyEOIJQrV2uZ06HxEPcx+mt8swXoZHIbaaJ2crJYFfErySgktuTZ3BeLz+XmFA=="
    },
    "node_modules/abort-controller": {
      "version": "3.0.0",
      "resolved": "https://registry.npmjs.org/abort-controller/-/abort-controller-3.0.0.tgz",
      "integrity": "sha512-h8lQ8tacZYnR3vNQTgibj+tODHI5/+l06Au2Pcriv/Gmet0eaj4TwWH41sO9wnHDiQsEj19q0drzdWdeAHtweg==",
      "dependencies": {
        "event-target-shim": "^5.0.0"
      },
      "engines": {
        "node": ">=6.5"
      }
    },
    "node_modules/asynciterator": {
      "version": "3.8.0",
      "resolved": "https://registry.npmjs.org/asynciterator/-/asynciterator-3.8.0.tgz",
      "integrity": "sha512-bD34LqKHJnkB77MHjL3hOAUOcy9dbB+3lHvL+EiJpD3k2Nyq3i1dCk5adMisB2rwlrHVu/+XRhOdPZL9hzpsfw=="
    },
    "node_modules/base64-js": {
      "version": "1.5.1",
      "resolved": "https://registry.npmjs.org/base64-js/-/base64-js-1.5.1.tgz",
      "integrity": "sha512-AKpaYlHn8t4SVbOHCy+b5+KKgvR4vrsD8vbvrbiQJps7fKDTkjkDry6ji0rUJjC0kzbNePLwzxq8iypo41qeWA==",
      "funding": [
        {
          "type": "github",
          "url": "https://github.com/sponsors/feross"
        },
        {
          "type": "patreon",
          "url": "https://www.patreon.com/feross"
        },
        {
          "type": "consulting",
          "url": "https://feross.org/support"
        }
      ]
    },
    "node_modules/buffer": {
      "version": "6.0.3",
      "resolved": "https://registry.npmjs.org/buffer/-/buffer-6.0.3.tgz",
      "integrity": "sha512-FTiCpNxtwiZZHEZbcbTIcZjERVICn9yq/pDFkTl95/AxzD1naBctN7YO68riM/gLSDY7sdrMby8hofADYuuqOA==",
      "funding": [
        {
          "type": "github",
          "url": "https://github.com/sponsors/feross"
        },
        {
          "type": "patreon",
          "url": "https://www.patreon.com/feross"
        },
        {
          "type": "consulting",
          "url": "https://feross.org/support"
        }
      ],
      "dependencies": {
        "base64-js": "^1.3.1",
        "ieee754": "^1.2.1"
      }
    },
    "node_modules/canonicalize": {
      "version": "1.0.8",
      "resolved": "https://registry.npmjs.org/canonicalize/-/canonicalize-1.0.8.tgz",
      "integrity": "sha512-0CNTVCLZggSh7bc5VkX5WWPWO+cyZbNd07IHIsSXLia/eAq+r836hgk+8BKoEh7949Mda87VUOitx5OddVj64A=="
    },
    "node_modules/cross-fetch": {
      "version": "3.1.5",
      "resolved": "https://registry.npmjs.org/cross-fetch/-/cross-fetch-3.1.5.tgz",
      "integrity": "sha512-lvb1SBsI0Z7GDwmuid+mU3kWVBwTVUbe7S0H52yaaAdQOXq2YktTCZdlAcNKFzE6QtRz0snpw9bNiPeOIkkQvw==",
      "dependencies": {
        "node-fetch": "2.6.7"
      }
    },
    "node_modules/event-target-shim": {
      "version": "5.0.1",
      "resolved": "https://registry.npmjs.org/event-target-shim/-/event-target-shim-5.0.1.tgz",
      "integrity": "sha512-i/2XbnSz/uxRCU6+NdVJgKWDTM427+MqYbkQzD321DuCQJUqOuJKIA0IM2+W2xtYHdKOmZ4dR6fExsd4SXL+WQ==",
      "engines": {
        "node": ">=6"
      }
    },
    "node_modules/events": {
      "version": "3.3.0",
      "resolved": "https://registry.npmjs.org/events/-/events-3.3.0.tgz",
      "integrity": "sha512-mQw+2fkQbALzQ7V0MY0IqdnXNOeTtP4r0lN9z7AAawCXgqea7bDii20AYrIBrFd/Hx0M2Ocz6S111CaFkUcb0Q==",
      "engines": {
        "node": ">=0.8.x"
      }
    },
    "node_modules/fast-deep-equal": {
      "version": "3.1.3",
      "resolved": "https://registry.npmjs.org/fast-deep-equal/-/fast-deep-equal-3.1.3.tgz",
      "integrity": "sha512-f3qQ9oQy9j2AhBe/H9VC91wLmKBCCU/gDOnKNAYG5hswO7BLKj09Hc5HYNz9cGI++xlpDCIgDaitVs03ATR84Q=="
    },
    "node_modules/hash.js": {
      "version": "1.1.7",
      "resolved": "https://registry.npmjs.org/hash.js/-/hash.js-1.1.7.tgz",
      "integrity": "sha512-taOaskGt4z4SOANNseOviYDvjEJinIkRgmp7LbKP2YTTmVxWBl87s/uzK9r+44BclBSp2X7K1hqeNfz9JbBeXA==",
      "dependencies": {
        "inherits": "^2.0.3",
        "minimalistic-assert": "^1.0.1"
      }
    },
    "node_modules/http-link-header": {
      "version": "1.1.0",
      "resolved": "https://registry.npmjs.org/http-link-header/-/http-link-header-1.1.0.tgz",
      "integrity": "sha512-pj6N1yxOz/ANO8HHsWGg/OoIL1kmRYvQnXQ7PIRpgp+15AnEsRH8fmIJE6D1OdWG2Bov+BJHVla1fFXxg1JbbA==",
      "engines": {
        "node": ">=6.0.0"
      }
    },
    "node_modules/ieee754": {
      "version": "1.2.1",
      "resolved": "https://registry.npmjs.org/ieee754/-/ieee754-1.2.1.tgz",
      "integrity": "sha512-dcyqhDvX1C46lXZcVqCpK+FtMRQVdIMN6/Df5js2zouUsqG7I6sFxitIC+7KYK29KdXOLHdu9zL4sFnoVQnqaA==",
      "funding": [
        {
          "type": "github",
          "url": "https://github.com/sponsors/feross"
        },
        {
          "type": "patreon",
          "url": "https://www.patreon.com/feross"
        },
        {
          "type": "consulting",
          "url": "https://feross.org/support"
        }
      ]
    },
    "node_modules/immutable": {
      "version": "4.2.2",
      "resolved": "https://registry.npmjs.org/immutable/-/immutable-4.2.2.tgz",
      "integrity": "sha512-fTMKDwtbvO5tldky9QZ2fMX7slR0mYpY5nbnFWYp0fOzDhHqhgIw9KoYgxLWsoNTS9ZHGauHj18DTyEw6BK3Og=="
    },
    "node_modules/inherits": {
      "version": "2.0.4",
      "resolved": "https://registry.npmjs.org/inherits/-/inherits-2.0.4.tgz",
      "integrity": "sha512-k/vGaX4/Yla3WzyMCvTQOXYeIHvqOKtnqBduzTHpzpQZzAskKMhZ2K+EnBiSM9zGSoIFeMpXKxa4dYeZIQqewQ=="
    },
    "node_modules/jsonld-context-parser": {
      "version": "2.2.3",
      "resolved": "https://registry.npmjs.org/jsonld-context-parser/-/jsonld-context-parser-2.2.3.tgz",
      "integrity": "sha512-SMMS/CEKK9VSiKIpmaivVZVpHfC59qax6UM4hbWv5YRcyxx7kmzXWzM/LGxPAwxwx3nwbB644Xd+4443L7OW4g==",
      "dependencies": {
        "@types/http-link-header": "^1.0.1",
        "@types/node": "^18.0.0",
        "canonicalize": "^1.0.1",
        "cross-fetch": "^3.0.6",
        "http-link-header": "^1.0.2",
        "relative-to-absolute-iri": "^1.0.5"
      },
      "bin": {
        "jsonld-context-parse": "bin/jsonld-context-parse.js"
      }
    },
    "node_modules/jsonld-streaming-serializer": {
      "version": "2.1.0",
      "resolved": "https://registry.npmjs.org/jsonld-streaming-serializer/-/jsonld-streaming-serializer-2.1.0.tgz",
      "integrity": "sha512-COHdLoeMTnrqHMoFhN3PoAwqnrKrpPC7/ACb0WbELYvt+HSOIFN3v4IJP7fOtLNQ4GeaeYkvbeWJ7Jo4EjxMDw==",
      "dependencies": {
        "@rdfjs/types": "*",
        "@types/readable-stream": "^2.3.13",
        "buffer": "^6.0.3",
        "jsonld-context-parser": "^2.0.0",
        "readable-stream": "^4.0.0"
      }
    },
    "node_modules/minimalistic-assert": {
      "version": "1.0.1",
      "resolved": "https://registry.npmjs.org/minimalistic-assert/-/minimalistic-assert-1.0.1.tgz",
      "integrity": "sha512-UtJcAD4yEaGtjPezWuO9wC4nwUnVH/8/Im3yEHQP4b67cXlD/Qr9hdITCU1xDbSEXg2XKNaP8jsReV7vQd00/A=="
    },
    "node_modules/minimist": {
      "version": "1.2.7",
      "resolved": "https://registry.npmjs.org/minimist/-/minimist-1.2.7.tgz",
      "integrity": "sha512-bzfL1YUZsP41gmu/qjrEk0Q6i2ix/cVeAhbCbqH9u3zYutS1cLg00qhrD0M2MVdCcx4Sc0UpP2eBWo9rotpq6g==",
      "funding": {
        "url": "https://github.com/sponsors/ljharb"
      }
    },
    "node_modules/n3": {
      "version": "1.16.3",
      "resolved": "https://registry.npmjs.org/n3/-/n3-1.16.3.tgz",
      "integrity": "sha512-9caLSZuMW1kdlPxEN4ka6E4E8a5QKoZ2emxpW+zHMofI+Bo92nJhN//wNub15S5T9I4c6saEqdGEu+YXJqMZVA==",
      "dependencies": {
        "queue-microtask": "^1.1.2",
        "readable-stream": "^4.0.0"
      },
      "engines": {
        "node": ">=12.0"
      }
    },
    "node_modules/node-fetch": {
      "version": "2.6.7",
      "resolved": "https://registry.npmjs.org/node-fetch/-/node-fetch-2.6.7.tgz",
      "integrity": "sha512-ZjMPFEfVx5j+y2yF35Kzx5sF7kDzxuDj6ziH4FFbOp87zKDZNx8yExJIb05OGF4Nlt9IHFIMBkRl41VdvcNdbQ==",
      "dependencies": {
        "whatwg-url": "^5.0.0"
      },
      "engines": {
        "node": "4.x || >=6.0.0"
      },
      "peerDependencies": {
        "encoding": "^0.1.0"
      },
      "peerDependenciesMeta": {
        "encoding": {
          "optional": true
        }
      }
    },
    "node_modules/parse-link-header": {
      "version": "2.0.0",
      "resolved": "https://registry.npmjs.org/parse-link-header/-/parse-link-header-2.0.0.tgz",
      "integrity": "sha512-xjU87V0VyHZybn2RrCX5TIFGxTVZE6zqqZWMPlIKiSKuWh/X5WZdt+w1Ki1nXB+8L/KtL+nZ4iq+sfI6MrhhMw==",
      "dependencies": {
        "xtend": "~4.0.1"
      }
    },
    "node_modules/process": {
      "version": "0.11.10",
      "resolved": "https://registry.npmjs.org/process/-/process-0.11.10.tgz",
      "integrity": "sha512-cdGef/drWFoydD1JsMzuFf8100nZl+GT+yacc2bEced5f9Rjk4z+WtFUTBu9PhOi9j/jfmBPu0mMEY4wIdAF8A==",
      "engines": {
        "node": ">= 0.6.0"
      }
    },
    "node_modules/promise-polyfill": {
      "version": "1.1.6",
      "resolved": "https://registry.npmjs.org/promise-polyfill/-/promise-polyfill-1.1.6.tgz",
      "integrity": "sha512-7rrONfyLkDEc7OJ5QBkqa4KI4EBhCd340xRuIUPGCfu13znS+vx+VDdrT9ODAJHlXm7w4lbxN3DRjyv58EuzDg=="
    },
    "node_modules/queue-microtask": {
      "version": "1.2.3",
      "resolved": "https://registry.npmjs.org/queue-microtask/-/queue-microtask-1.2.3.tgz",
      "integrity": "sha512-NuaNSa6flKT5JaSYQzJok04JzTL1CA6aGhv5rfLW3PgqA+M2ChpZQnAC8h8i4ZFkBS8X5RqkDBHA7r4hej3K9A==",
      "funding": [
        {
          "type": "github",
          "url": "https://github.com/sponsors/feross"
        },
        {
          "type": "patreon",
          "url": "https://www.patreon.com/feross"
        },
        {
          "type": "consulting",
          "url": "https://feross.org/support"
        }
      ]
    },
    "node_modules/rdf-data-factory": {
      "version": "1.1.1",
      "resolved": "https://registry.npmjs.org/rdf-data-factory/-/rdf-data-factory-1.1.1.tgz",
      "integrity": "sha512-0HoLx7lbBlNd2YTmNKin0txgiYmAV56eVU823at8cG2+iD0Ia5kcRNDpzZy6I/HCtFTymHvTfdhHTzm3ak3Jpw==",
      "dependencies": {
        "@rdfjs/types": "*"
      }
    },
    "node_modules/rdf-isomorphic": {
      "version": "1.3.1",
      "resolved": "https://registry.npmjs.org/rdf-isomorphic/-/rdf-isomorphic-1.3.1.tgz",
      "integrity": "sha512-6uIhsXTVp2AtO6f41PdnRV5xZsa0zVZQDTBdn0br+DZuFf5M/YD+T6m8hKDUnALI6nFL/IujTMLgEs20MlNidQ==",
      "dependencies": {
        "@rdfjs/types": "*",
        "hash.js": "^1.1.7",
        "rdf-string": "^1.6.0",
        "rdf-terms": "^1.7.0"
      }
    },
    "node_modules/rdf-js": {
      "version": "4.0.2",
      "resolved": "https://registry.npmjs.org/rdf-js/-/rdf-js-4.0.2.tgz",
      "integrity": "sha512-ApvlFa/WsQh8LpPK/6hctQwG06Z9ztQQGWVtrcrf9L6+sejHNXLPOqL+w7q3hF+iL0C4sv3AX1PUtGkLNzyZ0Q==",
      "dependencies": {
        "@rdfjs/types": "*"
      }
    },
    "node_modules/rdf-serialize": {
      "version": "2.0.1",
      "resolved": "https://registry.npmjs.org/rdf-serialize/-/rdf-serialize-2.0.1.tgz",
      "integrity": "sha512-GjFSp0Nzh4wxs6lpmdTQQBpjKYl8Lt89dR6PYuLp/YkliByR9tf6c+v4O1srFlfeCZ1u6xMarP0V3/CTMPqy8g==",
      "dependencies": {
        "@comunica/actor-rdf-serialize-jsonld": "^2.0.1",
        "@comunica/actor-rdf-serialize-n3": "^2.0.1",
        "@comunica/bus-init": "^2.0.1",
        "@comunica/bus-rdf-serialize": "^2.0.1",
        "@comunica/config-query-sparql": "^2.0.1",
        "@comunica/core": "^2.0.1",
        "@comunica/mediator-combine-pipeline": "^2.0.1",
        "@comunica/mediator-combine-union": "^2.0.1",
        "@comunica/mediator-race": "^2.0.1",
        "@rdfjs/types": "*",
        "stream-to-string": "^1.2.0"
      }
    },
    "node_modules/rdf-string": {
      "version": "1.6.2",
      "resolved": "https://registry.npmjs.org/rdf-string/-/rdf-string-1.6.2.tgz",
      "integrity": "sha512-tr0aStKYRmT6ShmGsA4HikIn6O3ZkCBSLWsRbeKhlPVPZodl0QNuws6HuJdD1rUyo9+MNiDw+3wvFSUz6Iwv/g==",
      "dependencies": {
        "@rdfjs/types": "*",
        "rdf-data-factory": "^1.1.0"
      }
    },
    "node_modules/rdf-terms": {
      "version": "1.9.1",
      "resolved": "https://registry.npmjs.org/rdf-terms/-/rdf-terms-1.9.1.tgz",
      "integrity": "sha512-GrE8CbQSvuVEFRCywMu6VOgV1AFE6X+nFYcAhEc5pwYKI13bUvz4voiVufQiy3V8rzQKu21Sgl+dS2qcJavy7w==",
      "dependencies": {
        "@rdfjs/types": "*",
        "rdf-data-factory": "^1.1.0",
        "rdf-string": "^1.6.0"
      }
    },
    "node_modules/readable-stream": {
      "version": "4.3.0",
      "resolved": "https://registry.npmjs.org/readable-stream/-/readable-stream-4.3.0.tgz",
      "integrity": "sha512-MuEnA0lbSi7JS8XM+WNJlWZkHAAdm7gETHdFK//Q/mChGyj2akEFtdLZh32jSdkWGbRwCW9pn6g3LWDdDeZnBQ==",
      "dependencies": {
        "abort-controller": "^3.0.0",
        "buffer": "^6.0.3",
        "events": "^3.3.0",
        "process": "^0.11.10"
      },
      "engines": {
        "node": "^12.22.0 || ^14.17.0 || >=16.0.0"
      }
    },
    "node_modules/relative-to-absolute-iri": {
      "version": "1.0.7",
      "resolved": "https://registry.npmjs.org/relative-to-absolute-iri/-/relative-to-absolute-iri-1.0.7.tgz",
      "integrity": "sha512-Xjyl4HmIzg2jzK/Un2gELqbcE8Fxy85A/aLSHE6PE/3+OGsFwmKVA1vRyGaz6vLWSqLDMHA+5rjD/xbibSQN1Q=="
    },
    "node_modules/safe-buffer": {
      "version": "5.1.2",
      "resolved": "https://registry.npmjs.org/safe-buffer/-/safe-buffer-5.1.2.tgz",
      "integrity": "sha512-Gd2UZBJDkXlY7GbJxfsE8/nvKkUEU1G38c1siN6QP6a9PT9MmHB8GnpscSmMJSoF8LOIrt8ud/wPtojys4G6+g=="
    },
    "node_modules/sparqlalgebrajs": {
      "version": "4.0.5",
      "resolved": "https://registry.npmjs.org/sparqlalgebrajs/-/sparqlalgebrajs-4.0.5.tgz",
      "integrity": "sha512-upGjNvjl5QfEFTBTzp65Lt7D5zsXrVpgJw+4fYgwZdtscegMBM6s+4PNhWaGnuQ80gQyEtD+r4WE2l/yWA+r9A==",
      "dependencies": {
        "@rdfjs/types": "*",
        "@types/sparqljs": "^3.1.3",
        "fast-deep-equal": "^3.1.3",
        "minimist": "^1.2.6",
        "rdf-data-factory": "^1.1.0",
        "rdf-isomorphic": "^1.3.0",
        "rdf-string": "^1.6.0",
        "sparqljs": "^3.6.1"
      },
      "bin": {
        "sparqlalgebrajs": "bin/sparqlalgebrajs.js"
      }
    },
    "node_modules/sparqljs": {
      "version": "3.6.2",
      "resolved": "https://registry.npmjs.org/sparqljs/-/sparqljs-3.6.2.tgz",
      "integrity": "sha512-KQEJPaOMeeDpdYYuiFb3JEErRLL8XqX4G7sdhZyHC6Qn4+PEMUff/EjUGkwcJ6aCC0JCTIgxDpRdE3+GFXpdxw==",
      "dependencies": {
        "rdf-data-factory": "^1.1.1"
      },
      "bin": {
        "sparqljs": "bin/sparql-to-json"
      },
      "engines": {
        "node": "^12.22.0 || ^14.17.0 || >=16.0.0"
      }
    },
    "node_modules/stream-to-string": {
      "version": "1.2.0",
      "resolved": "https://registry.npmjs.org/stream-to-string/-/stream-to-string-1.2.0.tgz",
      "integrity": "sha512-8drZlFIKBHSMdX9GCWv8V9AAWnQcTqw0iAI6/GC7UJ0H0SwKeFKjOoZfGY1tOU00GGU7FYZQoJ/ZCUEoXhD7yQ==",
      "dependencies": {
        "promise-polyfill": "^1.1.6"
      }
    },
    "node_modules/streamify-array": {
      "version": "1.0.1",
      "resolved": "https://registry.npmjs.org/streamify-array/-/streamify-array-1.0.1.tgz",
      "integrity": "sha512-ZnswaBcC6B1bhPLSQOlC6CdaDUSzU0wr2lvvHpbHNms8V7+DLd8uEAzDAWpsjxbFkijBHhuObFO/qqu52DZUMA=="
    },
    "node_modules/tr46": {
      "version": "0.0.3",
      "resolved": "https://registry.npmjs.org/tr46/-/tr46-0.0.3.tgz",
      "integrity": "sha512-N3WMsuqV66lT30CrXNbEjx4GEwlow3v6rr4mCcv6prnfwhS01rkgyFdjPNBYd9br7LpXV1+Emh01fHnq2Gdgrw=="
    },
    "node_modules/webidl-conversions": {
      "version": "3.0.1",
      "resolved": "https://registry.npmjs.org/webidl-conversions/-/webidl-conversions-3.0.1.tgz",
      "integrity": "sha512-2JAn3z8AR6rjK8Sm8orRC0h/bcl/DqL7tRPdGZ4I1CjdF+EaMLmYxBHyXuKL849eucPFhvBoxMsflfOb8kxaeQ=="
    },
    "node_modules/whatwg-url": {
      "version": "5.0.0",
      "resolved": "https://registry.npmjs.org/whatwg-url/-/whatwg-url-5.0.0.tgz",
      "integrity": "sha512-saE57nupxk6v3HY35+jzBwYa0rKSy0XR8JSxZPwgLr7ys0IBzhGviA1/TUGJLmSVqs8pb9AnvICXEuOHLprYTw==",
      "dependencies": {
        "tr46": "~0.0.3",
        "webidl-conversions": "^3.0.0"
      }
    },
    "node_modules/xtend": {
      "version": "4.0.2",
      "resolved": "https://registry.npmjs.org/xtend/-/xtend-4.0.2.tgz",
      "integrity": "sha512-LKYU1iAXJXUgAXn9URjiu+MWhyUXHsvfp7mcuYm9dSUKK0/CjtrUwFAxD82/mCWbtLsGjFIad0wIsod4zrTAEQ==",
      "engines": {
        "node": ">=0.4"
      }
    }
  },
  "dependencies": {
    "@comunica/actor-abstract-mediatyped": {
      "version": "2.5.1",
      "resolved": "https://registry.npmjs.org/@comunica/actor-abstract-mediatyped/-/actor-abstract-mediatyped-2.5.1.tgz",
      "integrity": "sha512-Iz8j1XqXp/A7HJVDTtEtp7hV6nuNoIjjEUgiJUiBTM5OIx7sFbGfUd10VtHPSXB/3lHHcIo34BKNZkeurNo6BA==",
      "requires": {
        "@comunica/core": "^2.5.1",
        "@comunica/types": "^2.5.1"
      }
    },
    "@comunica/actor-rdf-serialize-jsonld": {
      "version": "2.5.1",
      "resolved": "https://registry.npmjs.org/@comunica/actor-rdf-serialize-jsonld/-/actor-rdf-serialize-jsonld-2.5.1.tgz",
      "integrity": "sha512-QYyruMJBKYeIeTENMsBfCq3/fRUTlmMtOchRn0Hf8vWp+ZO5sx7EksvwA3hEJ0yzbHaNSOoi53I5CcJYNMG2yA==",
      "requires": {
        "@comunica/bus-rdf-serialize": "^2.5.1",
        "@comunica/types": "^2.5.1",
        "jsonld-streaming-serializer": "^2.0.1"
      }
    },
    "@comunica/actor-rdf-serialize-n3": {
      "version": "2.5.1",
      "resolved": "https://registry.npmjs.org/@comunica/actor-rdf-serialize-n3/-/actor-rdf-serialize-n3-2.5.1.tgz",
      "integrity": "sha512-llK3kiNtqrEBTL5z8GIDM/SjT9nv41Pugm+H/j+hTjNIVfSCHpaobUuQdft7TDVYeXu6/U18lXcz8n1bAspKfA==",
      "requires": {
        "@comunica/bus-rdf-serialize": "^2.5.1",
        "@comunica/types": "^2.5.1",
        "n3": "^1.16.3"
      }
    },
    "@comunica/bus-init": {
      "version": "2.5.1",
      "resolved": "https://registry.npmjs.org/@comunica/bus-init/-/bus-init-2.5.1.tgz",
      "integrity": "sha512-TDakSkGzM+3xkZ+xBCBmzWNagmDWUc+F6TPYOFO8goaT1+tVrPh9wPD5t2n1zkKMzG2dOVT4O8jxUfCyzmNwKA==",
      "requires": {
        "@comunica/core": "^2.5.1",
        "readable-stream": "^4.2.0"
      }
    },
    "@comunica/bus-rdf-serialize": {
      "version": "2.5.1",
      "resolved": "https://registry.npmjs.org/@comunica/bus-rdf-serialize/-/bus-rdf-serialize-2.5.1.tgz",
      "integrity": "sha512-GMg3dkWrFSYzxsp8hDNSgpWKyInDQ78lmy9TqVUo+EIgvIDhMXZJqsJmQNf/frcMYlPqdr1CwGnRxp+Jf7li+g==",
      "requires": {
        "@comunica/actor-abstract-mediatyped": "^2.5.1",
        "@comunica/core": "^2.5.1",
        "@rdfjs/types": "*"
      }
    },
    "@comunica/config-query-sparql": {
      "version": "2.5.1",
      "resolved": "https://registry.npmjs.org/@comunica/config-query-sparql/-/config-query-sparql-2.5.1.tgz",
      "integrity": "sha512-Fg/PDp0BwoFcCBeVTPTDR8pgXjuuMXTLi3SJFT0GdgtwSPHlAikMHGywyOMK9I1TlZ2Fwwl/oIhZVNFY3Uz7YA=="
    },
    "@comunica/core": {
      "version": "2.5.1",
      "resolved": "https://registry.npmjs.org/@comunica/core/-/core-2.5.1.tgz",
      "integrity": "sha512-dTenKE5bYswM/jBp0vtrrs2FuFUUYnVnWAa5b8vzxPiZQ+JA8RsXafLJq7Gk09FYr+739DDMoEwFL2dwUE5yDA==",
      "requires": {
        "@comunica/types": "^2.5.1",
        "immutable": "^4.1.0"
      }
    },
    "@comunica/mediator-combine-pipeline": {
      "version": "2.5.1",
      "resolved": "https://registry.npmjs.org/@comunica/mediator-combine-pipeline/-/mediator-combine-pipeline-2.5.1.tgz",
      "integrity": "sha512-vsi6YA7NGPQoNSPtKHWUbsDK+678w0BdE9DEzLWOa2pqiWoeT4SuJV4szHQNVuJjzi6j6VTXuR58mZL7XqreTw==",
      "requires": {
        "@comunica/core": "^2.5.1",
        "@comunica/types": "^2.5.1"
      }
    },
    "@comunica/mediator-combine-union": {
      "version": "2.5.1",
      "resolved": "https://registry.npmjs.org/@comunica/mediator-combine-union/-/mediator-combine-union-2.5.1.tgz",
      "integrity": "sha512-vpbQn3xtoX+F00xv+AKbn+qUe66rIiycbiZoE/s/qtlmUbVKLItEMMuToDGRdcdC9mtPiieIrgremXd/RVdHTw==",
      "requires": {
        "@comunica/core": "^2.5.1"
      }
    },
    "@comunica/mediator-race": {
      "version": "2.5.1",
      "resolved": "https://registry.npmjs.org/@comunica/mediator-race/-/mediator-race-2.5.1.tgz",
      "integrity": "sha512-VuHHZSDagK9k85NBTEvbbhkb/Xd9zgt9jBlYIVRarushJ8ihqfs8dXQ2Hs0gdOTyrCMFiQIimbN1h58QcmmKyg==",
      "requires": {
        "@comunica/core": "^2.5.1"
      }
    },
    "@comunica/types": {
      "version": "2.5.1",
      "resolved": "https://registry.npmjs.org/@comunica/types/-/types-2.5.1.tgz",
      "integrity": "sha512-bo/C3s1eH1yrfdSB5tVYPTRgeI2kB7J2fQuAjCWndyk/RVYHew3ztIqOa7wlhgZ7aVw+X+TTCLRjNve2l1TMhg==",
      "requires": {
        "@rdfjs/types": "*",
        "@types/yargs": "^17.0.13",
        "asynciterator": "^3.8.0",
        "sparqlalgebrajs": "^4.0.5"
      }
    },
    "@rdfjs/data-model": {
      "version": "2.0.1",
      "resolved": "https://registry.npmjs.org/@rdfjs/data-model/-/data-model-2.0.1.tgz",
      "integrity": "sha512-oRDYpy7/fJ9NNjS+M7m+dbnhi4lOWYGbBiM/A+u9bBExnN6ifXUF5mUsFxwZaQulmwTDaMhKERdV6iKTBUMgtw=="
    },
    "@rdfjs/types": {
      "version": "1.1.0",
      "resolved": "https://registry.npmjs.org/@rdfjs/types/-/types-1.1.0.tgz",
      "integrity": "sha512-5zm8bN2/CC634dTcn/0AhTRLaQRjXDZs3QfcAsQKNturHT7XVWcKy/8p3P5gXl+YkZTAmy7T5M/LyiT/jbkENw==",
      "requires": {
        "@types/node": "*"
      }
    },
    "@types/http-link-header": {
      "version": "1.0.3",
      "resolved": "https://registry.npmjs.org/@types/http-link-header/-/http-link-header-1.0.3.tgz",
      "integrity": "sha512-y8HkoD/vyid+5MrJ3aas0FvU3/BVBGcyG9kgxL0Zn4JwstA8CglFPnrR0RuzOjRCXwqzL5uxWC2IO7Ub0rMU2A==",
      "requires": {
        "@types/node": "*"
      }
    },
    "@types/node": {
      "version": "18.11.18",
      "resolved": "https://registry.npmjs.org/@types/node/-/node-18.11.18.tgz",
      "integrity": "sha512-DHQpWGjyQKSHj3ebjFI/wRKcqQcdR+MoFBygntYOZytCqNfkd2ZC4ARDJ2DQqhjH5p85Nnd3jhUJIXrszFX/JA=="
    },
    "@types/parse-link-header": {
      "version": "2.0.0",
      "resolved": "https://registry.npmjs.org/@types/parse-link-header/-/parse-link-header-2.0.0.tgz",
      "integrity": "sha512-KbqcQLdRaawDOfXnwqr6nvhe1MV+Uv/Ww+ViSx7Ujgw9X5qCgObLP52B1ZSJqZD8FK1y/4o+bJQTUrZOynegcg==",
      "dev": true
    },
    "@types/readable-stream": {
      "version": "2.3.15",
      "resolved": "https://registry.npmjs.org/@types/readable-stream/-/readable-stream-2.3.15.tgz",
      "integrity": "sha512-oM5JSKQCcICF1wvGgmecmHldZ48OZamtMxcGGVICOJA8o8cahXC1zEVAif8iwoc5j8etxFaRFnf095+CDsuoFQ==",
      "requires": {
        "@types/node": "*",
        "safe-buffer": "~5.1.1"
      }
    },
    "@types/sparqljs": {
      "version": "3.1.3",
      "resolved": "https://registry.npmjs.org/@types/sparqljs/-/sparqljs-3.1.3.tgz",
      "integrity": "sha512-nmFgmR6ns4i8sg9fYu+293H+PMLKmDOZy34sgwgAeUEEiIqSs4guj5aCZRt3gq1g0yuKXkqrxLDq/684g7pGtQ==",
      "requires": {
        "rdf-js": "^4.0.2"
      }
    },
    "@types/yargs": {
      "version": "17.0.19",
      "resolved": "https://registry.npmjs.org/@types/yargs/-/yargs-17.0.19.tgz",
      "integrity": "sha512-cAx3qamwaYX9R0fzOIZAlFpo4A+1uBVCxqpKz9D26uTF4srRXaGTTsikQmaotCtNdbhzyUH7ft6p9ktz9s6UNQ==",
      "requires": {
        "@types/yargs-parser": "*"
      }
    },
    "@types/yargs-parser": {
      "version": "21.0.0",
      "resolved": "https://registry.npmjs.org/@types/yargs-parser/-/yargs-parser-21.0.0.tgz",
      "integrity": "sha512-iO9ZQHkZxHn4mSakYV0vFHAVDyEOIJQrV2uZ06HxEPcx+mt8swXoZHIbaaJ2crJYFfErySgktuTZ3BeLz+XmFA=="
    },
    "abort-controller": {
      "version": "3.0.0",
      "resolved": "https://registry.npmjs.org/abort-controller/-/abort-controller-3.0.0.tgz",
      "integrity": "sha512-h8lQ8tacZYnR3vNQTgibj+tODHI5/+l06Au2Pcriv/Gmet0eaj4TwWH41sO9wnHDiQsEj19q0drzdWdeAHtweg==",
      "requires": {
        "event-target-shim": "^5.0.0"
      }
    },
    "asynciterator": {
      "version": "3.8.0",
      "resolved": "https://registry.npmjs.org/asynciterator/-/asynciterator-3.8.0.tgz",
      "integrity": "sha512-bD34LqKHJnkB77MHjL3hOAUOcy9dbB+3lHvL+EiJpD3k2Nyq3i1dCk5adMisB2rwlrHVu/+XRhOdPZL9hzpsfw=="
    },
    "base64-js": {
      "version": "1.5.1",
      "resolved": "https://registry.npmjs.org/base64-js/-/base64-js-1.5.1.tgz",
      "integrity": "sha512-AKpaYlHn8t4SVbOHCy+b5+KKgvR4vrsD8vbvrbiQJps7fKDTkjkDry6ji0rUJjC0kzbNePLwzxq8iypo41qeWA=="
    },
    "buffer": {
      "version": "6.0.3",
      "resolved": "https://registry.npmjs.org/buffer/-/buffer-6.0.3.tgz",
      "integrity": "sha512-FTiCpNxtwiZZHEZbcbTIcZjERVICn9yq/pDFkTl95/AxzD1naBctN7YO68riM/gLSDY7sdrMby8hofADYuuqOA==",
      "requires": {
        "base64-js": "^1.3.1",
        "ieee754": "^1.2.1"
      }
    },
    "canonicalize": {
      "version": "1.0.8",
      "resolved": "https://registry.npmjs.org/canonicalize/-/canonicalize-1.0.8.tgz",
      "integrity": "sha512-0CNTVCLZggSh7bc5VkX5WWPWO+cyZbNd07IHIsSXLia/eAq+r836hgk+8BKoEh7949Mda87VUOitx5OddVj64A=="
    },
    "cross-fetch": {
      "version": "3.1.5",
      "resolved": "https://registry.npmjs.org/cross-fetch/-/cross-fetch-3.1.5.tgz",
      "integrity": "sha512-lvb1SBsI0Z7GDwmuid+mU3kWVBwTVUbe7S0H52yaaAdQOXq2YktTCZdlAcNKFzE6QtRz0snpw9bNiPeOIkkQvw==",
      "requires": {
        "node-fetch": "2.6.7"
      }
    },
    "event-target-shim": {
      "version": "5.0.1",
      "resolved": "https://registry.npmjs.org/event-target-shim/-/event-target-shim-5.0.1.tgz",
      "integrity": "sha512-i/2XbnSz/uxRCU6+NdVJgKWDTM427+MqYbkQzD321DuCQJUqOuJKIA0IM2+W2xtYHdKOmZ4dR6fExsd4SXL+WQ=="
    },
    "events": {
      "version": "3.3.0",
      "resolved": "https://registry.npmjs.org/events/-/events-3.3.0.tgz",
      "integrity": "sha512-mQw+2fkQbALzQ7V0MY0IqdnXNOeTtP4r0lN9z7AAawCXgqea7bDii20AYrIBrFd/Hx0M2Ocz6S111CaFkUcb0Q=="
    },
    "fast-deep-equal": {
      "version": "3.1.3",
      "resolved": "https://registry.npmjs.org/fast-deep-equal/-/fast-deep-equal-3.1.3.tgz",
      "integrity": "sha512-f3qQ9oQy9j2AhBe/H9VC91wLmKBCCU/gDOnKNAYG5hswO7BLKj09Hc5HYNz9cGI++xlpDCIgDaitVs03ATR84Q=="
    },
    "hash.js": {
      "version": "1.1.7",
      "resolved": "https://registry.npmjs.org/hash.js/-/hash.js-1.1.7.tgz",
      "integrity": "sha512-taOaskGt4z4SOANNseOviYDvjEJinIkRgmp7LbKP2YTTmVxWBl87s/uzK9r+44BclBSp2X7K1hqeNfz9JbBeXA==",
      "requires": {
        "inherits": "^2.0.3",
        "minimalistic-assert": "^1.0.1"
      }
    },
    "http-link-header": {
      "version": "1.1.0",
      "resolved": "https://registry.npmjs.org/http-link-header/-/http-link-header-1.1.0.tgz",
      "integrity": "sha512-pj6N1yxOz/ANO8HHsWGg/OoIL1kmRYvQnXQ7PIRpgp+15AnEsRH8fmIJE6D1OdWG2Bov+BJHVla1fFXxg1JbbA=="
    },
    "ieee754": {
      "version": "1.2.1",
      "resolved": "https://registry.npmjs.org/ieee754/-/ieee754-1.2.1.tgz",
      "integrity": "sha512-dcyqhDvX1C46lXZcVqCpK+FtMRQVdIMN6/Df5js2zouUsqG7I6sFxitIC+7KYK29KdXOLHdu9zL4sFnoVQnqaA=="
    },
    "immutable": {
      "version": "4.2.2",
      "resolved": "https://registry.npmjs.org/immutable/-/immutable-4.2.2.tgz",
      "integrity": "sha512-fTMKDwtbvO5tldky9QZ2fMX7slR0mYpY5nbnFWYp0fOzDhHqhgIw9KoYgxLWsoNTS9ZHGauHj18DTyEw6BK3Og=="
    },
    "inherits": {
      "version": "2.0.4",
      "resolved": "https://registry.npmjs.org/inherits/-/inherits-2.0.4.tgz",
      "integrity": "sha512-k/vGaX4/Yla3WzyMCvTQOXYeIHvqOKtnqBduzTHpzpQZzAskKMhZ2K+EnBiSM9zGSoIFeMpXKxa4dYeZIQqewQ=="
    },
    "jsonld-context-parser": {
      "version": "2.2.3",
      "resolved": "https://registry.npmjs.org/jsonld-context-parser/-/jsonld-context-parser-2.2.3.tgz",
      "integrity": "sha512-SMMS/CEKK9VSiKIpmaivVZVpHfC59qax6UM4hbWv5YRcyxx7kmzXWzM/LGxPAwxwx3nwbB644Xd+4443L7OW4g==",
      "requires": {
        "@types/http-link-header": "^1.0.1",
        "@types/node": "^18.0.0",
        "canonicalize": "^1.0.1",
        "cross-fetch": "^3.0.6",
        "http-link-header": "^1.0.2",
        "relative-to-absolute-iri": "^1.0.5"
      }
    },
    "jsonld-streaming-serializer": {
      "version": "2.1.0",
      "resolved": "https://registry.npmjs.org/jsonld-streaming-serializer/-/jsonld-streaming-serializer-2.1.0.tgz",
      "integrity": "sha512-COHdLoeMTnrqHMoFhN3PoAwqnrKrpPC7/ACb0WbELYvt+HSOIFN3v4IJP7fOtLNQ4GeaeYkvbeWJ7Jo4EjxMDw==",
      "requires": {
        "@rdfjs/types": "*",
        "@types/readable-stream": "^2.3.13",
        "buffer": "^6.0.3",
        "jsonld-context-parser": "^2.0.0",
        "readable-stream": "^4.0.0"
      }
    },
    "minimalistic-assert": {
      "version": "1.0.1",
      "resolved": "https://registry.npmjs.org/minimalistic-assert/-/minimalistic-assert-1.0.1.tgz",
      "integrity": "sha512-UtJcAD4yEaGtjPezWuO9wC4nwUnVH/8/Im3yEHQP4b67cXlD/Qr9hdITCU1xDbSEXg2XKNaP8jsReV7vQd00/A=="
    },
    "minimist": {
      "version": "1.2.7",
      "resolved": "https://registry.npmjs.org/minimist/-/minimist-1.2.7.tgz",
      "integrity": "sha512-bzfL1YUZsP41gmu/qjrEk0Q6i2ix/cVeAhbCbqH9u3zYutS1cLg00qhrD0M2MVdCcx4Sc0UpP2eBWo9rotpq6g=="
    },
    "n3": {
      "version": "1.16.3",
      "resolved": "https://registry.npmjs.org/n3/-/n3-1.16.3.tgz",
      "integrity": "sha512-9caLSZuMW1kdlPxEN4ka6E4E8a5QKoZ2emxpW+zHMofI+Bo92nJhN//wNub15S5T9I4c6saEqdGEu+YXJqMZVA==",
      "requires": {
        "queue-microtask": "^1.1.2",
        "readable-stream": "^4.0.0"
      }
    },
    "node-fetch": {
      "version": "2.6.7",
      "resolved": "https://registry.npmjs.org/node-fetch/-/node-fetch-2.6.7.tgz",
      "integrity": "sha512-ZjMPFEfVx5j+y2yF35Kzx5sF7kDzxuDj6ziH4FFbOp87zKDZNx8yExJIb05OGF4Nlt9IHFIMBkRl41VdvcNdbQ==",
      "requires": {
        "whatwg-url": "^5.0.0"
      }
    },
    "parse-link-header": {
      "version": "2.0.0",
      "resolved": "https://registry.npmjs.org/parse-link-header/-/parse-link-header-2.0.0.tgz",
      "integrity": "sha512-xjU87V0VyHZybn2RrCX5TIFGxTVZE6zqqZWMPlIKiSKuWh/X5WZdt+w1Ki1nXB+8L/KtL+nZ4iq+sfI6MrhhMw==",
      "requires": {
        "xtend": "~4.0.1"
      }
    },
    "process": {
      "version": "0.11.10",
      "resolved": "https://registry.npmjs.org/process/-/process-0.11.10.tgz",
      "integrity": "sha512-cdGef/drWFoydD1JsMzuFf8100nZl+GT+yacc2bEced5f9Rjk4z+WtFUTBu9PhOi9j/jfmBPu0mMEY4wIdAF8A=="
    },
    "promise-polyfill": {
      "version": "1.1.6",
      "resolved": "https://registry.npmjs.org/promise-polyfill/-/promise-polyfill-1.1.6.tgz",
      "integrity": "sha512-7rrONfyLkDEc7OJ5QBkqa4KI4EBhCd340xRuIUPGCfu13znS+vx+VDdrT9ODAJHlXm7w4lbxN3DRjyv58EuzDg=="
    },
    "queue-microtask": {
      "version": "1.2.3",
      "resolved": "https://registry.npmjs.org/queue-microtask/-/queue-microtask-1.2.3.tgz",
      "integrity": "sha512-NuaNSa6flKT5JaSYQzJok04JzTL1CA6aGhv5rfLW3PgqA+M2ChpZQnAC8h8i4ZFkBS8X5RqkDBHA7r4hej3K9A=="
    },
    "rdf-data-factory": {
      "version": "1.1.1",
      "resolved": "https://registry.npmjs.org/rdf-data-factory/-/rdf-data-factory-1.1.1.tgz",
      "integrity": "sha512-0HoLx7lbBlNd2YTmNKin0txgiYmAV56eVU823at8cG2+iD0Ia5kcRNDpzZy6I/HCtFTymHvTfdhHTzm3ak3Jpw==",
      "requires": {
        "@rdfjs/types": "*"
      }
    },
    "rdf-isomorphic": {
      "version": "1.3.1",
      "resolved": "https://registry.npmjs.org/rdf-isomorphic/-/rdf-isomorphic-1.3.1.tgz",
      "integrity": "sha512-6uIhsXTVp2AtO6f41PdnRV5xZsa0zVZQDTBdn0br+DZuFf5M/YD+T6m8hKDUnALI6nFL/IujTMLgEs20MlNidQ==",
      "requires": {
        "@rdfjs/types": "*",
        "hash.js": "^1.1.7",
        "rdf-string": "^1.6.0",
        "rdf-terms": "^1.7.0"
      }
    },
    "rdf-js": {
      "version": "4.0.2",
      "resolved": "https://registry.npmjs.org/rdf-js/-/rdf-js-4.0.2.tgz",
      "integrity": "sha512-ApvlFa/WsQh8LpPK/6hctQwG06Z9ztQQGWVtrcrf9L6+sejHNXLPOqL+w7q3hF+iL0C4sv3AX1PUtGkLNzyZ0Q==",
      "requires": {
        "@rdfjs/types": "*"
      }
    },
    "rdf-serialize": {
      "version": "2.0.1",
      "resolved": "https://registry.npmjs.org/rdf-serialize/-/rdf-serialize-2.0.1.tgz",
      "integrity": "sha512-GjFSp0Nzh4wxs6lpmdTQQBpjKYl8Lt89dR6PYuLp/YkliByR9tf6c+v4O1srFlfeCZ1u6xMarP0V3/CTMPqy8g==",
      "requires": {
        "@comunica/actor-rdf-serialize-jsonld": "^2.0.1",
        "@comunica/actor-rdf-serialize-n3": "^2.0.1",
        "@comunica/bus-init": "^2.0.1",
        "@comunica/bus-rdf-serialize": "^2.0.1",
        "@comunica/config-query-sparql": "^2.0.1",
        "@comunica/core": "^2.0.1",
        "@comunica/mediator-combine-pipeline": "^2.0.1",
        "@comunica/mediator-combine-union": "^2.0.1",
        "@comunica/mediator-race": "^2.0.1",
        "@rdfjs/types": "*",
        "stream-to-string": "^1.2.0"
      }
    },
    "rdf-string": {
      "version": "1.6.2",
      "resolved": "https://registry.npmjs.org/rdf-string/-/rdf-string-1.6.2.tgz",
      "integrity": "sha512-tr0aStKYRmT6ShmGsA4HikIn6O3ZkCBSLWsRbeKhlPVPZodl0QNuws6HuJdD1rUyo9+MNiDw+3wvFSUz6Iwv/g==",
      "requires": {
        "@rdfjs/types": "*",
        "rdf-data-factory": "^1.1.0"
      }
    },
    "rdf-terms": {
      "version": "1.9.1",
      "resolved": "https://registry.npmjs.org/rdf-terms/-/rdf-terms-1.9.1.tgz",
      "integrity": "sha512-GrE8CbQSvuVEFRCywMu6VOgV1AFE6X+nFYcAhEc5pwYKI13bUvz4voiVufQiy3V8rzQKu21Sgl+dS2qcJavy7w==",
      "requires": {
        "@rdfjs/types": "*",
        "rdf-data-factory": "^1.1.0",
        "rdf-string": "^1.6.0"
      }
    },
    "readable-stream": {
      "version": "4.3.0",
      "resolved": "https://registry.npmjs.org/readable-stream/-/readable-stream-4.3.0.tgz",
      "integrity": "sha512-MuEnA0lbSi7JS8XM+WNJlWZkHAAdm7gETHdFK//Q/mChGyj2akEFtdLZh32jSdkWGbRwCW9pn6g3LWDdDeZnBQ==",
      "requires": {
        "abort-controller": "^3.0.0",
        "buffer": "^6.0.3",
        "events": "^3.3.0",
        "process": "^0.11.10"
      }
    },
    "relative-to-absolute-iri": {
      "version": "1.0.7",
      "resolved": "https://registry.npmjs.org/relative-to-absolute-iri/-/relative-to-absolute-iri-1.0.7.tgz",
      "integrity": "sha512-Xjyl4HmIzg2jzK/Un2gELqbcE8Fxy85A/aLSHE6PE/3+OGsFwmKVA1vRyGaz6vLWSqLDMHA+5rjD/xbibSQN1Q=="
    },
    "safe-buffer": {
      "version": "5.1.2",
      "resolved": "https://registry.npmjs.org/safe-buffer/-/safe-buffer-5.1.2.tgz",
      "integrity": "sha512-Gd2UZBJDkXlY7GbJxfsE8/nvKkUEU1G38c1siN6QP6a9PT9MmHB8GnpscSmMJSoF8LOIrt8ud/wPtojys4G6+g=="
    },
    "sparqlalgebrajs": {
      "version": "4.0.5",
      "resolved": "https://registry.npmjs.org/sparqlalgebrajs/-/sparqlalgebrajs-4.0.5.tgz",
      "integrity": "sha512-upGjNvjl5QfEFTBTzp65Lt7D5zsXrVpgJw+4fYgwZdtscegMBM6s+4PNhWaGnuQ80gQyEtD+r4WE2l/yWA+r9A==",
      "requires": {
        "@rdfjs/types": "*",
        "@types/sparqljs": "^3.1.3",
        "fast-deep-equal": "^3.1.3",
        "minimist": "^1.2.6",
        "rdf-data-factory": "^1.1.0",
        "rdf-isomorphic": "^1.3.0",
        "rdf-string": "^1.6.0",
        "sparqljs": "^3.6.1"
      }
    },
    "sparqljs": {
      "version": "3.6.2",
      "resolved": "https://registry.npmjs.org/sparqljs/-/sparqljs-3.6.2.tgz",
      "integrity": "sha512-KQEJPaOMeeDpdYYuiFb3JEErRLL8XqX4G7sdhZyHC6Qn4+PEMUff/EjUGkwcJ6aCC0JCTIgxDpRdE3+GFXpdxw==",
      "requires": {
        "rdf-data-factory": "^1.1.1"
      }
    },
    "stream-to-string": {
      "version": "1.2.0",
      "resolved": "https://registry.npmjs.org/stream-to-string/-/stream-to-string-1.2.0.tgz",
      "integrity": "sha512-8drZlFIKBHSMdX9GCWv8V9AAWnQcTqw0iAI6/GC7UJ0H0SwKeFKjOoZfGY1tOU00GGU7FYZQoJ/ZCUEoXhD7yQ==",
      "requires": {
        "promise-polyfill": "^1.1.6"
      }
    },
    "streamify-array": {
      "version": "1.0.1",
      "resolved": "https://registry.npmjs.org/streamify-array/-/streamify-array-1.0.1.tgz",
      "integrity": "sha512-ZnswaBcC6B1bhPLSQOlC6CdaDUSzU0wr2lvvHpbHNms8V7+DLd8uEAzDAWpsjxbFkijBHhuObFO/qqu52DZUMA=="
    },
    "tr46": {
      "version": "0.0.3",
      "resolved": "https://registry.npmjs.org/tr46/-/tr46-0.0.3.tgz",
      "integrity": "sha512-N3WMsuqV66lT30CrXNbEjx4GEwlow3v6rr4mCcv6prnfwhS01rkgyFdjPNBYd9br7LpXV1+Emh01fHnq2Gdgrw=="
    },
    "webidl-conversions": {
      "version": "3.0.1",
      "resolved": "https://registry.npmjs.org/webidl-conversions/-/webidl-conversions-3.0.1.tgz",
      "integrity": "sha512-2JAn3z8AR6rjK8Sm8orRC0h/bcl/DqL7tRPdGZ4I1CjdF+EaMLmYxBHyXuKL849eucPFhvBoxMsflfOb8kxaeQ=="
    },
    "whatwg-url": {
      "version": "5.0.0",
      "resolved": "https://registry.npmjs.org/whatwg-url/-/whatwg-url-5.0.0.tgz",
      "integrity": "sha512-saE57nupxk6v3HY35+jzBwYa0rKSy0XR8JSxZPwgLr7ys0IBzhGviA1/TUGJLmSVqs8pb9AnvICXEuOHLprYTw==",
      "requires": {
        "tr46": "~0.0.3",
        "webidl-conversions": "^3.0.0"
      }
    },
    "xtend": {
      "version": "4.0.2",
      "resolved": "https://registry.npmjs.org/xtend/-/xtend-4.0.2.tgz",
      "integrity": "sha512-LKYU1iAXJXUgAXn9URjiu+MWhyUXHsvfp7mcuYm9dSUKK0/CjtrUwFAxD82/mCWbtLsGjFIad0wIsod4zrTAEQ=="
    }
  }
}
